{
  "name": "typescripttemplate",
  "version": "1.0.0",
  "lockfileVersion": 1,
  "requires": true,
  "dependencies": {
    "eventsystemx": {
      "version": "0.3.0",
      "resolved": "https://registry.npmjs.org/eventsystemx/-/eventsystemx-0.3.0.tgz",
      "integrity": "sha1-CU8it+mRPnZvs1V+Lp+w0LeHiAY="
    },
    "utilsx": {
      "version": "1.9.0",
      "resolved": "https://registry.npmjs.org/utilsx/-/utilsx-1.9.0.tgz",
      "integrity": "sha512-QSwFMyH26tpTA+qwtoZ02jbVFW5P4LuMmk7d4SRSi3ktE2KXxpYU2Ug0k17qe7GDpkGkkC7lS3bHlVm4X+gYBQ==",
      "requires": {
        "vectorx": "2.3.0"
      }
    },
    "vectorx": {
      "version": "2.3.0",
      "resolved": "https://registry.npmjs.org/vectorx/-/vectorx-2.3.0.tgz",
      "integrity": "sha512-CnlSSke3bU97oiQBh6g0k4f80xepjdBn7VpPS/jiXQKHSy/VVjomQ1B6Im9Qpg5orQEX9Nt0h81SYi9ojmX9BQ=="
    }
  }
}
